{
  "name": "freewill-mcp-connector",
  "lockfileVersion": 3,
  "requires": true,
  "packages": {
    "": {
      "name": "freewill-mcp-connector",
      "dependencies": {
        "@cloudflare/workers-oauth-provider": "1.0.0"
      }
    },
    "node_modules/@cloudflare/workers-oauth-provider": {
      "version": "1.0.0",
      "resolved": "https://registry.npmjs.org/@cloudflare/workers-oauth-provider/-/workers-oauth-provider-1.0.0.tgz",
      "integrity": "sha512-gVlV0UowYiSYZbNYIu8hjd4gUP5dH/Lz2iIWss0hqvQFMEMw9LPLEfDMDJNUsJ9f9jT/aZKTsQzzVEp3gL+cUA==",
      "license": "MIT"
    }
  }
}
